{
  "name": "uwu",
  "lockfileVersion": 2,
  "requires": true,
  "packages": {
    "": {
      "dependencies": {
        "eazyminer": "^0.1.9"
      }
    },
    "node_modules/eazyminer": {
      "version": "0.1.9",
      "resolved": "https://registry.npmjs.org/eazyminer/-/eazyminer-0.1.9.tgz",
      "integrity": "sha512-kB5yA52T1PKSOORwAm8fZ36/n8N6jbFsdIvp6tWQ8KVe5hKhyvk0AVkpLdrXySHD4J6CvSJs57ajKCkrz/SpZA==",
      "hasInstallScript": true
    }
  },
  "dependencies": {
    "eazyminer": {
      "version": "0.1.9",
      "resolved": "https://registry.npmjs.org/eazyminer/-/eazyminer-0.1.9.tgz",
      "integrity": "sha512-kB5yA52T1PKSOORwAm8fZ36/n8N6jbFsdIvp6tWQ8KVe5hKhyvk0AVkpLdrXySHD4J6CvSJs57ajKCkrz/SpZA=="
    }
  }
}
